
Microsoft Visual Studio Solution File, Format Version 12.00
# Visual Studio Version 17
VisualStudioVersion = 17.13.35828.75 d17.13
MinimumVisualStudioVersion = 10.0.40219.1
Project("{FAE04EC0-301F-11D3-BF4B-00C04F79EFBC}") = "IdentityApp", "IdentityApp\IdentityApp.csproj", "{2EA45898-6AB9-408A-8702-1D2D179FB285}"
EndProject
Global
	GlobalSection(SolutionConfigurationPlatforms) = preSolution
		Debug|Any CPU = Debug|Any CPU
		Release|Any CPU = Release|Any CPU
	EndGlobalSection
	GlobalSection(ProjectConfigurationPlatforms) = postSolution
		{2EA45898-6AB9-408A-8702-1D2D179FB285}.Debug|Any CPU.ActiveCfg = Debug|Any CPU
		{2EA45898-6AB9-408A-8702-1D2D179FB285}.Debug|Any CPU.Build.0 = Debug|Any CPU
		{2EA45898-6AB9-408A-8702-1D2D179FB285}.Release|Any CPU.ActiveCfg = Release|Any CPU
		{2EA45898-6AB9-408A-8702-1D2D179FB285}.Release|Any CPU.Build.0 = Release|Any CPU
	EndGlobalSection
	GlobalSection(SolutionProperties) = preSolution
		HideSolutionNode = FALSE
	EndGlobalSection
	GlobalSection(ExtensibilityGlobals) = postSolution
		SolutionGuid = {DD04448E-7FB9-4C8C-AACB-88D1807F1722}
	EndGlobalSection
EndGlobal
